// !$*UTF8*$!
{
	archiveVersion = 1;
	classes = {
	};
	objectVersion = 51;
	objects = {

/* Begin PBXBuildFile section */
		330C26B025EC8D8000F3DE79 /* PlayerViewController.xib in Resources */ = {isa = PBXBuildFile; fileRef = 330C26AD25EC8D8000F3DE79 /* PlayerViewController.xib */; };
		330C26B125EC8D8000F3DE79 /* PlayerViewModel.swift in Sources */ = {isa = PBXBuildFile; fileRef = 330C26AE25EC8D8000F3DE79 /* PlayerViewModel.swift */; };
		330C26B225EC8D8100F3DE79 /* PlayerViewController.swift in Sources */ = {isa = PBXBuildFile; fileRef = 330C26AF25EC8D8000F3DE79 /* PlayerViewController.swift */; };
		330C26BB25ECC6AF00F3DE79 /* AddSongPlaylistViewController.swift in Sources */ = {isa = PBXBuildFile; fileRef = 330C26B925ECC6AF00F3DE79 /* AddSongPlaylistViewController.swift */; };
		330C26BC25ECC6AF00F3DE79 /* AddSongPlaylistViewController.xib in Resources */ = {isa = PBXBuildFile; fileRef = 330C26BA25ECC6AF00F3DE79 /* AddSongPlaylistViewController.xib */; };
		330C26C325ECCA5300F3DE79 /* AddSongPlaylistViewModel.swift in Sources */ = {isa = PBXBuildFile; fileRef = 330C26C225ECCA5300F3DE79 /* AddSongPlaylistViewModel.swift */; };
		330C26C625ECE29200F3DE79 /* UIViewController+Extension.swift in Sources */ = {isa = PBXBuildFile; fileRef = 330C26C525ECE29200F3DE79 /* UIViewController+Extension.swift */; };
		3316902625F22159006EB048 /* SunRiseTests.swift in Sources */ = {isa = PBXBuildFile; fileRef = 3316902525F22159006EB048 /* SunRiseTests.swift */; };
		3316903025F22271006EB048 /* content.json in Resources */ = {isa = PBXBuildFile; fileRef = 3316902F25F22271006EB048 /* content.json */; };
		3316903A25F222B2006EB048 /* content.json in Resources */ = {isa = PBXBuildFile; fileRef = 3316902F25F22271006EB048 /* content.json */; };
		331AF11725E8AE8300C19018 /* PlaylistManagedObject.swift in Sources */ = {isa = PBXBuildFile; fileRef = 331AF11625E8AE8300C19018 /* PlaylistManagedObject.swift */; };
		331AF11A25E8AE9E00C19018 /* CoreDataManager.Playlist.swift in Sources */ = {isa = PBXBuildFile; fileRef = 331AF11925E8AE9E00C19018 /* CoreDataManager.Playlist.swift */; };
		33203CA325E8B335003D91B8 /* PlaylistViewController.xib in Resources */ = {isa = PBXBuildFile; fileRef = 33203C9D25E8B334003D91B8 /* PlaylistViewController.xib */; };
		33203CA425E8B335003D91B8 /* PlaylistTableViewCell.swift in Sources */ = {isa = PBXBuildFile; fileRef = 33203C9F25E8B334003D91B8 /* PlaylistTableViewCell.swift */; };
		33203CA525E8B335003D91B8 /* PlaylistTableViewCell.xib in Resources */ = {isa = PBXBuildFile; fileRef = 33203CA025E8B334003D91B8 /* PlaylistTableViewCell.xib */; };
		33203CA625E8B335003D91B8 /* PlaylistViewController.swift in Sources */ = {isa = PBXBuildFile; fileRef = 33203CA125E8B335003D91B8 /* PlaylistViewController.swift */; };
		33203CA725E8B335003D91B8 /* PlaylistViewModel.swift in Sources */ = {isa = PBXBuildFile; fileRef = 33203CA225E8B335003D91B8 /* PlaylistViewModel.swift */; };
		33203CAD25E8B345003D91B8 /* CreatePlaylistViewController.swift in Sources */ = {isa = PBXBuildFile; fileRef = 33203CAA25E8B345003D91B8 /* CreatePlaylistViewController.swift */; };
		33203CAE25E8B345003D91B8 /* CreatePlaylistViewModel.swift in Sources */ = {isa = PBXBuildFile; fileRef = 33203CAB25E8B345003D91B8 /* CreatePlaylistViewModel.swift */; };
		33203CAF25E8B345003D91B8 /* CreatePlaylistViewController.xib in Resources */ = {isa = PBXBuildFile; fileRef = 33203CAC25E8B345003D91B8 /* CreatePlaylistViewController.xib */; };
		33203CB325E8B357003D91B8 /* Notification+Extension.swift in Sources */ = {isa = PBXBuildFile; fileRef = 33203CB125E8B357003D91B8 /* Notification+Extension.swift */; };
		33203CB425E8B357003D91B8 /* UINavigationController+Extension.swift in Sources */ = {isa = PBXBuildFile; fileRef = 33203CB225E8B357003D91B8 /* UINavigationController+Extension.swift */; };
		33203CB725E8B377003D91B8 /* SearchViewModel.swift in Sources */ = {isa = PBXBuildFile; fileRef = 33203CB625E8B377003D91B8 /* SearchViewModel.swift */; };
		33203CC225E8B385003D91B8 /* SearchHistoryTableViewCell.swift in Sources */ = {isa = PBXBuildFile; fileRef = 33203CBA25E8B385003D91B8 /* SearchHistoryTableViewCell.swift */; };
		33203CC325E8B385003D91B8 /* SearchHistoryTableViewCell.xib in Resources */ = {isa = PBXBuildFile; fileRef = 33203CBB25E8B385003D91B8 /* SearchHistoryTableViewCell.xib */; };
		33203CC425E8B385003D91B8 /* SearchResultTableViewCell.xib in Resources */ = {isa = PBXBuildFile; fileRef = 33203CBD25E8B385003D91B8 /* SearchResultTableViewCell.xib */; };
		33203CC525E8B385003D91B8 /* SearchResultTableViewCell.swift in Sources */ = {isa = PBXBuildFile; fileRef = 33203CBE25E8B385003D91B8 /* SearchResultTableViewCell.swift */; };
		33203CC625E8B385003D91B8 /* SearchAddSongsTableViewCell.swift in Sources */ = {isa = PBXBuildFile; fileRef = 33203CC025E8B385003D91B8 /* SearchAddSongsTableViewCell.swift */; };
		33203CC725E8B385003D91B8 /* SearchAddSongsTableViewCell.xib in Resources */ = {isa = PBXBuildFile; fileRef = 33203CC125E8B385003D91B8 /* SearchAddSongsTableViewCell.xib */; };
		3327EF3025DF533200C74CF5 /* GenreTableViewCell.swift in Sources */ = {isa = PBXBuildFile; fileRef = 3327EF2825DF533200C74CF5 /* GenreTableViewCell.swift */; };
		3327EF3125DF533200C74CF5 /* GenreTableViewCell.xib in Resources */ = {isa = PBXBuildFile; fileRef = 3327EF2925DF533200C74CF5 /* GenreTableViewCell.xib */; };
		3327EF3225DF533200C74CF5 /* SongCollectionViewCell.swift in Sources */ = {isa = PBXBuildFile; fileRef = 3327EF2B25DF533200C74CF5 /* SongCollectionViewCell.swift */; };
		3327EF3325DF533200C74CF5 /* SongCollectionViewCell.xib in Resources */ = {isa = PBXBuildFile; fileRef = 3327EF2C25DF533200C74CF5 /* SongCollectionViewCell.xib */; };
		3327EF4325DF535000C74CF5 /* Track.swift in Sources */ = {isa = PBXBuildFile; fileRef = 3327EF3A25DF535000C74CF5 /* Track.swift */; };
		3327EF4425DF535000C74CF5 /* Playlist.swift in Sources */ = {isa = PBXBuildFile; fileRef = 3327EF3B25DF535000C74CF5 /* Playlist.swift */; };
		3327EF4525DF535000C74CF5 /* API.Request.swift in Sources */ = {isa = PBXBuildFile; fileRef = 3327EF3E25DF535000C74CF5 /* API.Request.swift */; };
		3327EF4625DF535000C74CF5 /* APIKey.swift in Sources */ = {isa = PBXBuildFile; fileRef = 3327EF3F25DF535000C74CF5 /* APIKey.swift */; };
		3327EF4725DF535000C74CF5 /* API.Manager.swift in Sources */ = {isa = PBXBuildFile; fileRef = 3327EF4025DF535000C74CF5 /* API.Manager.swift */; };
		3327EF4825DF535000C74CF5 /* API.swift in Sources */ = {isa = PBXBuildFile; fileRef = 3327EF4125DF535000C74CF5 /* API.swift */; };
		3327EF4925DF535000C74CF5 /* API.Music.swift in Sources */ = {isa = PBXBuildFile; fileRef = 3327EF4225DF535000C74CF5 /* API.Music.swift */; };
		3327EF4C25DF538900C74CF5 /* String+Extension.swift in Sources */ = {isa = PBXBuildFile; fileRef = 3327EF4B25DF538900C74CF5 /* String+Extension.swift */; };
		3327EF5525DF6E6000C74CF5 /* Reusable.swift in Sources */ = {isa = PBXBuildFile; fileRef = 3327EF5425DF6E6000C74CF5 /* Reusable.swift */; };
		3327EF5925DF6EB700C74CF5 /* NibLoadable.swift in Sources */ = {isa = PBXBuildFile; fileRef = 3327EF5825DF6EB700C74CF5 /* NibLoadable.swift */; };
		3327EF6B25DFA84A00C74CF5 /* Model.xcdatamodeld in Sources */ = {isa = PBXBuildFile; fileRef = 3327EF6525DFA84A00C74CF5 /* Model.xcdatamodeld */; };
		33441F4F25E0AAB700E07F3D /* UIButton+Extension.swift in Sources */ = {isa = PBXBuildFile; fileRef = 33441F4E25E0AAB700E07F3D /* UIButton+Extension.swift */; };
		33441F8925E10E7A00E07F3D /* FavoriteManagedObject.swift in Sources */ = {isa = PBXBuildFile; fileRef = 33441F8725E10E7A00E07F3D /* FavoriteManagedObject.swift */; };
		33502DF125CD4B9E00D20B10 /* AppDelegate.swift in Sources */ = {isa = PBXBuildFile; fileRef = 33502DF025CD4B9E00D20B10 /* AppDelegate.swift */; };
		33502DF325CD4B9E00D20B10 /* SceneDelegate.swift in Sources */ = {isa = PBXBuildFile; fileRef = 33502DF225CD4B9E00D20B10 /* SceneDelegate.swift */; };
		33502DFA25CD4BA000D20B10 /* Assets.xcassets in Resources */ = {isa = PBXBuildFile; fileRef = 33502DF925CD4BA000D20B10 /* Assets.xcassets */; };
		33502DFD25CD4BA000D20B10 /* LaunchScreen.storyboard in Resources */ = {isa = PBXBuildFile; fileRef = 33502DFB25CD4BA000D20B10 /* LaunchScreen.storyboard */; };
		339500EF25DCCAFB00D67646 /* Colors.xcassets in Resources */ = {isa = PBXBuildFile; fileRef = 339500EE25DCCAFB00D67646 /* Colors.xcassets */; };
		3397BCAB25E48D3E00D377FD /* DetailViewController.xib in Resources */ = {isa = PBXBuildFile; fileRef = 3397BCA825E48D3E00D377FD /* DetailViewController.xib */; };
		3397BCAC25E48D3E00D377FD /* DetailViewModel.swift in Sources */ = {isa = PBXBuildFile; fileRef = 3397BCA925E48D3E00D377FD /* DetailViewModel.swift */; };
		3397BCAD25E48D3E00D377FD /* DetailViewController.swift in Sources */ = {isa = PBXBuildFile; fileRef = 3397BCAA25E48D3E00D377FD /* DetailViewController.swift */; };
		33BAF00F25D0D4570073B31F /* BaseView Controller.swift in Sources */ = {isa = PBXBuildFile; fileRef = 33BAF00E25D0D4570073B31F /* BaseView Controller.swift */; };
		33BAF01D25D0D4A60073B31F /* SearchViewController.swift in Sources */ = {isa = PBXBuildFile; fileRef = 33BAF01B25D0D4A60073B31F /* SearchViewController.swift */; };
		33BAF01E25D0D4A60073B31F /* SearchViewController.xib in Resources */ = {isa = PBXBuildFile; fileRef = 33BAF01C25D0D4A60073B31F /* SearchViewController.xib */; };
		33BAF02225D0D4D10073B31F /* UIColor+Extension.swift in Sources */ = {isa = PBXBuildFile; fileRef = 33BAF02125D0D4D10073B31F /* UIColor+Extension.swift */; };
		33C4E6A525E33CBD00F2EBEF /* Player.swift in Sources */ = {isa = PBXBuildFile; fileRef = 33C4E6A425E33CBD00F2EBEF /* Player.swift */; };
		33C4E6AB25E33CF200F2EBEF /* HomeViewModel.swift in Sources */ = {isa = PBXBuildFile; fileRef = 33C4E6A825E33CF200F2EBEF /* HomeViewModel.swift */; };
		33C4E6AC25E33CF200F2EBEF /* HomeViewController.swift in Sources */ = {isa = PBXBuildFile; fileRef = 33C4E6A925E33CF200F2EBEF /* HomeViewController.swift */; };
		33C4E6AD25E33CF200F2EBEF /* HomeViewController.xib in Resources */ = {isa = PBXBuildFile; fileRef = 33C4E6AA25E33CF200F2EBEF /* HomeViewController.xib */; };
		33C4E6B425E33D5D00F2EBEF /* CoreDataManager.swift in Sources */ = {isa = PBXBuildFile; fileRef = 33C4E6B125E33D5D00F2EBEF /* CoreDataManager.swift */; };
		33C4E6B525E33D5D00F2EBEF /* CoreDataManager.Favorite.swift in Sources */ = {isa = PBXBuildFile; fileRef = 33C4E6B225E33D5D00F2EBEF /* CoreDataManager.Favorite.swift */; };
		33C4E6B625E33D5D00F2EBEF /* CoreDataManager.Playing.swift in Sources */ = {isa = PBXBuildFile; fileRef = 33C4E6B325E33D5D00F2EBEF /* CoreDataManager.Playing.swift */; };
		33C4E6E025E3A2D300F2EBEF /* LibraryViewController.swift in Sources */ = {isa = PBXBuildFile; fileRef = 33C4E6D225E3A2D200F2EBEF /* LibraryViewController.swift */; };
		33C4E6E125E3A2D300F2EBEF /* LibraryViewModel.swift in Sources */ = {isa = PBXBuildFile; fileRef = 33C4E6D325E3A2D200F2EBEF /* LibraryViewModel.swift */; };
		33C4E6E225E3A2D300F2EBEF /* LibraryViewController.xib in Resources */ = {isa = PBXBuildFile; fileRef = 33C4E6D425E3A2D200F2EBEF /* LibraryViewController.xib */; };
		33C4E6E325E3A2D300F2EBEF /* FavoriteTableViewCell.xib in Resources */ = {isa = PBXBuildFile; fileRef = 33C4E6D925E3A2D200F2EBEF /* FavoriteTableViewCell.xib */; };
		33C4E6E425E3A2D300F2EBEF /* FavoriteTableViewCell.swift in Sources */ = {isa = PBXBuildFile; fileRef = 33C4E6DA25E3A2D200F2EBEF /* FavoriteTableViewCell.swift */; };
		33C4E6E525E3A2D300F2EBEF /* FavoriteViewController.swift in Sources */ = {isa = PBXBuildFile; fileRef = 33C4E6DB25E3A2D200F2EBEF /* FavoriteViewController.swift */; };
		33C4E6E625E3A2D300F2EBEF /* FavoriteViewModel.swift in Sources */ = {isa = PBXBuildFile; fileRef = 33C4E6DC25E3A2D200F2EBEF /* FavoriteViewModel.swift */; };
		33C4E6E725E3A2D300F2EBEF /* FavoriteViewController.xib in Resources */ = {isa = PBXBuildFile; fileRef = 33C4E6DD25E3A2D300F2EBEF /* FavoriteViewController.xib */; };
		33C4E6E825E3A2D300F2EBEF /* LibraryTableViewCell.xib in Resources */ = {isa = PBXBuildFile; fileRef = 33C4E6DE25E3A2D300F2EBEF /* LibraryTableViewCell.xib */; };
		33C4E6E925E3A2D300F2EBEF /* LibraryTableViewCell.swift in Sources */ = {isa = PBXBuildFile; fileRef = 33C4E6DF25E3A2D300F2EBEF /* LibraryTableViewCell.swift */; };
		33DE19A125E2190E00234186 /* PlayingMangedObject.swift in Sources */ = {isa = PBXBuildFile; fileRef = 33DE199F25E2190E00234186 /* PlayingMangedObject.swift */; };
		4B2B05A44B9C2C3621B2E482 /* Pods_SunRiseTests.framework in Frameworks */ = {isa = PBXBuildFile; fileRef = 94E785CB85D126BBA3AAF352 /* Pods_SunRiseTests.framework */; };
		7867CB4A91C9EEC1CC2C3224 /* Pods_SunRise.framework in Frameworks */ = {isa = PBXBuildFile; fileRef = 7B329C8401FB9D246E933E5A /* Pods_SunRise.framework */; };
/* End PBXBuildFile section */

/* Begin PBXContainerItemProxy section */
		3316902825F22159006EB048 /* PBXContainerItemProxy */ = {
			isa = PBXContainerItemProxy;
			containerPortal = 33502DE525CD4B9E00D20B10 /* Project object */;
			proxyType = 1;
			remoteGlobalIDString = 33502DEC25CD4B9E00D20B10;
			remoteInfo = SunRise;
		};
/* End PBXContainerItemProxy section */

/* Begin PBXFileReference section */
		039567CC4CEA2F7F4BA712A5 /* Pods-SunRiseTests.release.xcconfig */ = {isa = PBXFileReference; includeInIndex = 1; lastKnownFileType = text.xcconfig; name = "Pods-SunRiseTests.release.xcconfig"; path = "Target Support Files/Pods-SunRiseTests/Pods-SunRiseTests.release.xcconfig"; sourceTree = "<group>"; };
		0ECF0807192D6AE393792E0B /* Pods-SunRise.release.xcconfig */ = {isa = PBXFileReference; includeInIndex = 1; lastKnownFileType = text.xcconfig; name = "Pods-SunRise.release.xcconfig"; path = "Target Support Files/Pods-SunRise/Pods-SunRise.release.xcconfig"; sourceTree = "<group>"; };
		330C26AD25EC8D8000F3DE79 /* PlayerViewController.xib */ = {isa = PBXFileReference; fileEncoding = 4; lastKnownFileType = file.xib; path = PlayerViewController.xib; sourceTree = "<group>"; };
		330C26AE25EC8D8000F3DE79 /* PlayerViewModel.swift */ = {isa = PBXFileReference; fileEncoding = 4; lastKnownFileType = sourcecode.swift; path = PlayerViewModel.swift; sourceTree = "<group>"; };
		330C26AF25EC8D8000F3DE79 /* PlayerViewController.swift */ = {isa = PBXFileReference; fileEncoding = 4; lastKnownFileType = sourcecode.swift; path = PlayerViewController.swift; sourceTree = "<group>"; };
		330C26B925ECC6AF00F3DE79 /* AddSongPlaylistViewController.swift */ = {isa = PBXFileReference; lastKnownFileType = sourcecode.swift; path = AddSongPlaylistViewController.swift; sourceTree = "<group>"; };
		330C26BA25ECC6AF00F3DE79 /* AddSongPlaylistViewController.xib */ = {isa = PBXFileReference; lastKnownFileType = file.xib; path = AddSongPlaylistViewController.xib; sourceTree = "<group>"; };
		330C26C225ECCA5300F3DE79 /* AddSongPlaylistViewModel.swift */ = {isa = PBXFileReference; lastKnownFileType = sourcecode.swift; path = AddSongPlaylistViewModel.swift; sourceTree = "<group>"; };
		330C26C525ECE29200F3DE79 /* UIViewController+Extension.swift */ = {isa = PBXFileReference; lastKnownFileType = sourcecode.swift; path = "UIViewController+Extension.swift"; sourceTree = "<group>"; };
		3316902325F22159006EB048 /* SunRiseTests.xctest */ = {isa = PBXFileReference; explicitFileType = wrapper.cfbundle; includeInIndex = 0; path = SunRiseTests.xctest; sourceTree = BUILT_PRODUCTS_DIR; };
		3316902525F22159006EB048 /* SunRiseTests.swift */ = {isa = PBXFileReference; lastKnownFileType = sourcecode.swift; path = SunRiseTests.swift; sourceTree = "<group>"; };
		3316902725F22159006EB048 /* Info.plist */ = {isa = PBXFileReference; lastKnownFileType = text.plist.xml; path = Info.plist; sourceTree = "<group>"; };
		3316902F25F22271006EB048 /* content.json */ = {isa = PBXFileReference; fileEncoding = 4; lastKnownFileType = text.json; path = content.json; sourceTree = "<group>"; };
		331AF11625E8AE8300C19018 /* PlaylistManagedObject.swift */ = {isa = PBXFileReference; fileEncoding = 4; lastKnownFileType = sourcecode.swift; path = PlaylistManagedObject.swift; sourceTree = "<group>"; };
		331AF11925E8AE9E00C19018 /* CoreDataManager.Playlist.swift */ = {isa = PBXFileReference; fileEncoding = 4; lastKnownFileType = sourcecode.swift; path = CoreDataManager.Playlist.swift; sourceTree = "<group>"; };
		33203C9D25E8B334003D91B8 /* PlaylistViewController.xib */ = {isa = PBXFileReference; fileEncoding = 4; lastKnownFileType = file.xib; path = PlaylistViewController.xib; sourceTree = "<group>"; };
		33203C9F25E8B334003D91B8 /* PlaylistTableViewCell.swift */ = {isa = PBXFileReference; fileEncoding = 4; lastKnownFileType = sourcecode.swift; path = PlaylistTableViewCell.swift; sourceTree = "<group>"; };
		33203CA025E8B334003D91B8 /* PlaylistTableViewCell.xib */ = {isa = PBXFileReference; fileEncoding = 4; lastKnownFileType = file.xib; path = PlaylistTableViewCell.xib; sourceTree = "<group>"; };
		33203CA125E8B335003D91B8 /* PlaylistViewController.swift */ = {isa = PBXFileReference; fileEncoding = 4; lastKnownFileType = sourcecode.swift; path = PlaylistViewController.swift; sourceTree = "<group>"; };
		33203CA225E8B335003D91B8 /* PlaylistViewModel.swift */ = {isa = PBXFileReference; fileEncoding = 4; lastKnownFileType = sourcecode.swift; path = PlaylistViewModel.swift; sourceTree = "<group>"; };
		33203CAA25E8B345003D91B8 /* CreatePlaylistViewController.swift */ = {isa = PBXFileReference; fileEncoding = 4; lastKnownFileType = sourcecode.swift; path = CreatePlaylistViewController.swift; sourceTree = "<group>"; };
		33203CAB25E8B345003D91B8 /* CreatePlaylistViewModel.swift */ = {isa = PBXFileReference; fileEncoding = 4; lastKnownFileType = sourcecode.swift; path = CreatePlaylistViewModel.swift; sourceTree = "<group>"; };
		33203CAC25E8B345003D91B8 /* CreatePlaylistViewController.xib */ = {isa = PBXFileReference; fileEncoding = 4; lastKnownFileType = file.xib; path = CreatePlaylistViewController.xib; sourceTree = "<group>"; };
		33203CB125E8B357003D91B8 /* Notification+Extension.swift */ = {isa = PBXFileReference; fileEncoding = 4; lastKnownFileType = sourcecode.swift; path = "Notification+Extension.swift"; sourceTree = "<group>"; };
		33203CB225E8B357003D91B8 /* UINavigationController+Extension.swift */ = {isa = PBXFileReference; fileEncoding = 4; lastKnownFileType = sourcecode.swift; path = "UINavigationController+Extension.swift"; sourceTree = "<group>"; };
		33203CB625E8B377003D91B8 /* SearchViewModel.swift */ = {isa = PBXFileReference; fileEncoding = 4; lastKnownFileType = sourcecode.swift; path = SearchViewModel.swift; sourceTree = "<group>"; };
		33203CBA25E8B385003D91B8 /* SearchHistoryTableViewCell.swift */ = {isa = PBXFileReference; fileEncoding = 4; lastKnownFileType = sourcecode.swift; path = SearchHistoryTableViewCell.swift; sourceTree = "<group>"; };
		33203CBB25E8B385003D91B8 /* SearchHistoryTableViewCell.xib */ = {isa = PBXFileReference; fileEncoding = 4; lastKnownFileType = file.xib; path = SearchHistoryTableViewCell.xib; sourceTree = "<group>"; };
		33203CBD25E8B385003D91B8 /* SearchResultTableViewCell.xib */ = {isa = PBXFileReference; fileEncoding = 4; lastKnownFileType = file.xib; path = SearchResultTableViewCell.xib; sourceTree = "<group>"; };
		33203CBE25E8B385003D91B8 /* SearchResultTableViewCell.swift */ = {isa = PBXFileReference; fileEncoding = 4; lastKnownFileType = sourcecode.swift; path = SearchResultTableViewCell.swift; sourceTree = "<group>"; };
		33203CC025E8B385003D91B8 /* SearchAddSongsTableViewCell.swift */ = {isa = PBXFileReference; fileEncoding = 4; lastKnownFileType = sourcecode.swift; path = SearchAddSongsTableViewCell.swift; sourceTree = "<group>"; };
		33203CC125E8B385003D91B8 /* SearchAddSongsTableViewCell.xib */ = {isa = PBXFileReference; fileEncoding = 4; lastKnownFileType = file.xib; path = SearchAddSongsTableViewCell.xib; sourceTree = "<group>"; };
		3327EF2825DF533200C74CF5 /* GenreTableViewCell.swift */ = {isa = PBXFileReference; fileEncoding = 4; lastKnownFileType = sourcecode.swift; path = GenreTableViewCell.swift; sourceTree = "<group>"; };
		3327EF2925DF533200C74CF5 /* GenreTableViewCell.xib */ = {isa = PBXFileReference; fileEncoding = 4; lastKnownFileType = file.xib; path = GenreTableViewCell.xib; sourceTree = "<group>"; };
		3327EF2B25DF533200C74CF5 /* SongCollectionViewCell.swift */ = {isa = PBXFileReference; fileEncoding = 4; lastKnownFileType = sourcecode.swift; path = SongCollectionViewCell.swift; sourceTree = "<group>"; };
		3327EF2C25DF533200C74CF5 /* SongCollectionViewCell.xib */ = {isa = PBXFileReference; fileEncoding = 4; lastKnownFileType = file.xib; path = SongCollectionViewCell.xib; sourceTree = "<group>"; };
		3327EF3A25DF535000C74CF5 /* Track.swift */ = {isa = PBXFileReference; fileEncoding = 4; lastKnownFileType = sourcecode.swift; path = Track.swift; sourceTree = "<group>"; };
		3327EF3B25DF535000C74CF5 /* Playlist.swift */ = {isa = PBXFileReference; fileEncoding = 4; lastKnownFileType = sourcecode.swift; path = Playlist.swift; sourceTree = "<group>"; };
		3327EF3E25DF535000C74CF5 /* API.Request.swift */ = {isa = PBXFileReference; fileEncoding = 4; lastKnownFileType = sourcecode.swift; path = API.Request.swift; sourceTree = "<group>"; };
		3327EF3F25DF535000C74CF5 /* APIKey.swift */ = {isa = PBXFileReference; fileEncoding = 4; lastKnownFileType = sourcecode.swift; path = APIKey.swift; sourceTree = "<group>"; };
		3327EF4025DF535000C74CF5 /* API.Manager.swift */ = {isa = PBXFileReference; fileEncoding = 4; lastKnownFileType = sourcecode.swift; path = API.Manager.swift; sourceTree = "<group>"; };
		3327EF4125DF535000C74CF5 /* API.swift */ = {isa = PBXFileReference; fileEncoding = 4; lastKnownFileType = sourcecode.swift; path = API.swift; sourceTree = "<group>"; };
		3327EF4225DF535000C74CF5 /* API.Music.swift */ = {isa = PBXFileReference; fileEncoding = 4; lastKnownFileType = sourcecode.swift; path = API.Music.swift; sourceTree = "<group>"; };
		3327EF4B25DF538900C74CF5 /* String+Extension.swift */ = {isa = PBXFileReference; fileEncoding = 4; lastKnownFileType = sourcecode.swift; path = "String+Extension.swift"; sourceTree = "<group>"; };
		3327EF5425DF6E6000C74CF5 /* Reusable.swift */ = {isa = PBXFileReference; lastKnownFileType = sourcecode.swift; path = Reusable.swift; sourceTree = "<group>"; };
		3327EF5825DF6EB700C74CF5 /* NibLoadable.swift */ = {isa = PBXFileReference; lastKnownFileType = sourcecode.swift; path = NibLoadable.swift; sourceTree = "<group>"; };
		3327EF6625DFA84A00C74CF5 /* Model.xcdatamodel */ = {isa = PBXFileReference; lastKnownFileType = wrapper.xcdatamodel; path = Model.xcdatamodel; sourceTree = "<group>"; };
		33441F4E25E0AAB700E07F3D /* UIButton+Extension.swift */ = {isa = PBXFileReference; lastKnownFileType = sourcecode.swift; path = "UIButton+Extension.swift"; sourceTree = "<group>"; };
		33441F8725E10E7A00E07F3D /* FavoriteManagedObject.swift */ = {isa = PBXFileReference; lastKnownFileType = sourcecode.swift; path = FavoriteManagedObject.swift; sourceTree = "<group>"; };
		33502DED25CD4B9E00D20B10 /* SunRise.app */ = {isa = PBXFileReference; explicitFileType = wrapper.application; includeInIndex = 0; path = SunRise.app; sourceTree = BUILT_PRODUCTS_DIR; };
		33502DF025CD4B9E00D20B10 /* AppDelegate.swift */ = {isa = PBXFileReference; lastKnownFileType = sourcecode.swift; path = AppDelegate.swift; sourceTree = "<group>"; };
		33502DF225CD4B9E00D20B10 /* SceneDelegate.swift */ = {isa = PBXFileReference; lastKnownFileType = sourcecode.swift; path = SceneDelegate.swift; sourceTree = "<group>"; };
		33502DF925CD4BA000D20B10 /* Assets.xcassets */ = {isa = PBXFileReference; lastKnownFileType = folder.assetcatalog; path = Assets.xcassets; sourceTree = "<group>"; };
		33502DFC25CD4BA000D20B10 /* Base */ = {isa = PBXFileReference; lastKnownFileType = file.storyboard; name = Base; path = Base.lproj/LaunchScreen.storyboard; sourceTree = "<group>"; };
		33502DFE25CD4BA000D20B10 /* Info.plist */ = {isa = PBXFileReference; lastKnownFileType = text.plist.xml; path = Info.plist; sourceTree = "<group>"; };
		339500EE25DCCAFB00D67646 /* Colors.xcassets */ = {isa = PBXFileReference; lastKnownFileType = folder.assetcatalog; path = Colors.xcassets; sourceTree = "<group>"; };
		3397BCA825E48D3E00D377FD /* DetailViewController.xib */ = {isa = PBXFileReference; fileEncoding = 4; lastKnownFileType = file.xib; path = DetailViewController.xib; sourceTree = "<group>"; };
		3397BCA925E48D3E00D377FD /* DetailViewModel.swift */ = {isa = PBXFileReference; fileEncoding = 4; lastKnownFileType = sourcecode.swift; path = DetailViewModel.swift; sourceTree = "<group>"; };
		3397BCAA25E48D3E00D377FD /* DetailViewController.swift */ = {isa = PBXFileReference; fileEncoding = 4; lastKnownFileType = sourcecode.swift; path = DetailViewController.swift; sourceTree = "<group>"; };
		33BAF00E25D0D4570073B31F /* BaseView Controller.swift */ = {isa = PBXFileReference; lastKnownFileType = sourcecode.swift; path = "BaseView Controller.swift"; sourceTree = "<group>"; };
		33BAF01B25D0D4A60073B31F /* SearchViewController.swift */ = {isa = PBXFileReference; lastKnownFileType = sourcecode.swift; path = SearchViewController.swift; sourceTree = "<group>"; };
		33BAF01C25D0D4A60073B31F /* SearchViewController.xib */ = {isa = PBXFileReference; lastKnownFileType = file.xib; path = SearchViewController.xib; sourceTree = "<group>"; };
		33BAF02125D0D4D10073B31F /* UIColor+Extension.swift */ = {isa = PBXFileReference; lastKnownFileType = sourcecode.swift; path = "UIColor+Extension.swift"; sourceTree = "<group>"; };
		33C4E6A425E33CBD00F2EBEF /* Player.swift */ = {isa = PBXFileReference; fileEncoding = 4; lastKnownFileType = sourcecode.swift; path = Player.swift; sourceTree = "<group>"; };
		33C4E6A825E33CF200F2EBEF /* HomeViewModel.swift */ = {isa = PBXFileReference; fileEncoding = 4; lastKnownFileType = sourcecode.swift; path = HomeViewModel.swift; sourceTree = "<group>"; };
		33C4E6A925E33CF200F2EBEF /* HomeViewController.swift */ = {isa = PBXFileReference; fileEncoding = 4; lastKnownFileType = sourcecode.swift; path = HomeViewController.swift; sourceTree = "<group>"; };
		33C4E6AA25E33CF200F2EBEF /* HomeViewController.xib */ = {isa = PBXFileReference; fileEncoding = 4; lastKnownFileType = file.xib; path = HomeViewController.xib; sourceTree = "<group>"; };
		33C4E6B125E33D5D00F2EBEF /* CoreDataManager.swift */ = {isa = PBXFileReference; fileEncoding = 4; lastKnownFileType = sourcecode.swift; path = CoreDataManager.swift; sourceTree = "<group>"; };
		33C4E6B225E33D5D00F2EBEF /* CoreDataManager.Favorite.swift */ = {isa = PBXFileReference; fileEncoding = 4; lastKnownFileType = sourcecode.swift; path = CoreDataManager.Favorite.swift; sourceTree = "<group>"; };
		33C4E6B325E33D5D00F2EBEF /* CoreDataManager.Playing.swift */ = {isa = PBXFileReference; fileEncoding = 4; lastKnownFileType = sourcecode.swift; path = CoreDataManager.Playing.swift; sourceTree = "<group>"; };
		33C4E6D225E3A2D200F2EBEF /* LibraryViewController.swift */ = {isa = PBXFileReference; fileEncoding = 4; lastKnownFileType = sourcecode.swift; path = LibraryViewController.swift; sourceTree = "<group>"; };
		33C4E6D325E3A2D200F2EBEF /* LibraryViewModel.swift */ = {isa = PBXFileReference; fileEncoding = 4; lastKnownFileType = sourcecode.swift; path = LibraryViewModel.swift; sourceTree = "<group>"; };
		33C4E6D425E3A2D200F2EBEF /* LibraryViewController.xib */ = {isa = PBXFileReference; fileEncoding = 4; lastKnownFileType = file.xib; path = LibraryViewController.xib; sourceTree = "<group>"; };
		33C4E6D925E3A2D200F2EBEF /* FavoriteTableViewCell.xib */ = {isa = PBXFileReference; fileEncoding = 4; lastKnownFileType = file.xib; path = FavoriteTableViewCell.xib; sourceTree = "<group>"; };
		33C4E6DA25E3A2D200F2EBEF /* FavoriteTableViewCell.swift */ = {isa = PBXFileReference; fileEncoding = 4; lastKnownFileType = sourcecode.swift; path = FavoriteTableViewCell.swift; sourceTree = "<group>"; };
		33C4E6DB25E3A2D200F2EBEF /* FavoriteViewController.swift */ = {isa = PBXFileReference; fileEncoding = 4; lastKnownFileType = sourcecode.swift; path = FavoriteViewController.swift; sourceTree = "<group>"; };
		33C4E6DC25E3A2D200F2EBEF /* FavoriteViewModel.swift */ = {isa = PBXFileReference; fileEncoding = 4; lastKnownFileType = sourcecode.swift; path = FavoriteViewModel.swift; sourceTree = "<group>"; };
		33C4E6DD25E3A2D300F2EBEF /* FavoriteViewController.xib */ = {isa = PBXFileReference; fileEncoding = 4; lastKnownFileType = file.xib; path = FavoriteViewController.xib; sourceTree = "<group>"; };
		33C4E6DE25E3A2D300F2EBEF /* LibraryTableViewCell.xib */ = {isa = PBXFileReference; fileEncoding = 4; lastKnownFileType = file.xib; path = LibraryTableViewCell.xib; sourceTree = "<group>"; };
		33C4E6DF25E3A2D300F2EBEF /* LibraryTableViewCell.swift */ = {isa = PBXFileReference; fileEncoding = 4; lastKnownFileType = sourcecode.swift; path = LibraryTableViewCell.swift; sourceTree = "<group>"; };
		33DE199F25E2190E00234186 /* PlayingMangedObject.swift */ = {isa = PBXFileReference; lastKnownFileType = sourcecode.swift; path = PlayingMangedObject.swift; sourceTree = "<group>"; };
		7B329C8401FB9D246E933E5A /* Pods_SunRise.framework */ = {isa = PBXFileReference; explicitFileType = wrapper.framework; includeInIndex = 0; path = Pods_SunRise.framework; sourceTree = BUILT_PRODUCTS_DIR; };
		94E785CB85D126BBA3AAF352 /* Pods_SunRiseTests.framework */ = {isa = PBXFileReference; explicitFileType = wrapper.framework; includeInIndex = 0; path = Pods_SunRiseTests.framework; sourceTree = BUILT_PRODUCTS_DIR; };
		DE660DB13ABE2094C956089B /* Pods-SunRiseTests.debug.xcconfig */ = {isa = PBXFileReference; includeInIndex = 1; lastKnownFileType = text.xcconfig; name = "Pods-SunRiseTests.debug.xcconfig"; path = "Target Support Files/Pods-SunRiseTests/Pods-SunRiseTests.debug.xcconfig"; sourceTree = "<group>"; };
		FA7F07781E930A83D3FC2578 /* Pods-SunRise.debug.xcconfig */ = {isa = PBXFileReference; includeInIndex = 1; lastKnownFileType = text.xcconfig; name = "Pods-SunRise.debug.xcconfig"; path = "Target Support Files/Pods-SunRise/Pods-SunRise.debug.xcconfig"; sourceTree = "<group>"; };
/* End PBXFileReference section */

/* Begin PBXFrameworksBuildPhase section */
		3316902025F22159006EB048 /* Frameworks */ = {
			isa = PBXFrameworksBuildPhase;
			buildActionMask = 2147483647;
			files = (
				4B2B05A44B9C2C3621B2E482 /* Pods_SunRiseTests.framework in Frameworks */,
			);
			runOnlyForDeploymentPostprocessing = 0;
		};
		33502DEA25CD4B9E00D20B10 /* Frameworks */ = {
			isa = PBXFrameworksBuildPhase;
			buildActionMask = 2147483647;
			files = (
				7867CB4A91C9EEC1CC2C3224 /* Pods_SunRise.framework in Frameworks */,
			);
			runOnlyForDeploymentPostprocessing = 0;
		};
/* End PBXFrameworksBuildPhase section */

/* Begin PBXGroup section */
		330C26AC25EC8D8000F3DE79 /* Player */ = {
			isa = PBXGroup;
			children = (
				330C26AF25EC8D8000F3DE79 /* PlayerViewController.swift */,
				330C26AD25EC8D8000F3DE79 /* PlayerViewController.xib */,
				330C26AE25EC8D8000F3DE79 /* PlayerViewModel.swift */,
			);
			path = Player;
			sourceTree = "<group>";
		};
		330C26B825ECC64E00F3DE79 /* CustomAlert */ = {
			isa = PBXGroup;
			children = (
				330C26B925ECC6AF00F3DE79 /* AddSongPlaylistViewController.swift */,
				330C26BA25ECC6AF00F3DE79 /* AddSongPlaylistViewController.xib */,
				330C26C225ECCA5300F3DE79 /* AddSongPlaylistViewModel.swift */,
			);
			path = CustomAlert;
			sourceTree = "<group>";
		};
		3316902425F22159006EB048 /* SunRiseTests */ = {
			isa = PBXGroup;
			children = (
				3316902F25F22271006EB048 /* content.json */,
				3316902525F22159006EB048 /* SunRiseTests.swift */,
				3316902725F22159006EB048 /* Info.plist */,
			);
			path = SunRiseTests;
			sourceTree = "<group>";
		};
		331AF11525E8AE8300C19018 /* Playlist */ = {
			isa = PBXGroup;
			children = (
				331AF11625E8AE8300C19018 /* PlaylistManagedObject.swift */,
			);
			path = Playlist;
			sourceTree = "<group>";
		};
		33203C9E25E8B334003D91B8 /* PlaylistCell */ = {
			isa = PBXGroup;
			children = (
				33203C9F25E8B334003D91B8 /* PlaylistTableViewCell.swift */,
				33203CA025E8B334003D91B8 /* PlaylistTableViewCell.xib */,
			);
			path = PlaylistCell;
			sourceTree = "<group>";
		};
		33203CA925E8B345003D91B8 /* CreatePlaylist */ = {
			isa = PBXGroup;
			children = (
				33203CAA25E8B345003D91B8 /* CreatePlaylistViewController.swift */,
				33203CAB25E8B345003D91B8 /* CreatePlaylistViewModel.swift */,
				33203CAC25E8B345003D91B8 /* CreatePlaylistViewController.xib */,
			);
			path = CreatePlaylist;
			sourceTree = "<group>";
		};
		33203CB925E8B385003D91B8 /* SearchHistoryCell */ = {
			isa = PBXGroup;
			children = (
				33203CBA25E8B385003D91B8 /* SearchHistoryTableViewCell.swift */,
				33203CBB25E8B385003D91B8 /* SearchHistoryTableViewCell.xib */,
			);
			path = SearchHistoryCell;
			sourceTree = "<group>";
		};
		33203CBC25E8B385003D91B8 /* SearchResultCell */ = {
			isa = PBXGroup;
			children = (
				33203CBE25E8B385003D91B8 /* SearchResultTableViewCell.swift */,
				33203CBD25E8B385003D91B8 /* SearchResultTableViewCell.xib */,
			);
			path = SearchResultCell;
			sourceTree = "<group>";
		};
		33203CBF25E8B385003D91B8 /* SearchAddSongsCell */ = {
			isa = PBXGroup;
			children = (
				33203CC025E8B385003D91B8 /* SearchAddSongsTableViewCell.swift */,
				33203CC125E8B385003D91B8 /* SearchAddSongsTableViewCell.xib */,
			);
			path = SearchAddSongsCell;
			sourceTree = "<group>";
		};
		3327EF2725DF533200C74CF5 /* GenreCell */ = {
			isa = PBXGroup;
			children = (
				3327EF2825DF533200C74CF5 /* GenreTableViewCell.swift */,
				3327EF2925DF533200C74CF5 /* GenreTableViewCell.xib */,
				3327EF2A25DF533200C74CF5 /* SongCell */,
			);
			path = GenreCell;
			sourceTree = "<group>";
		};
		3327EF2A25DF533200C74CF5 /* SongCell */ = {
			isa = PBXGroup;
			children = (
				3327EF2B25DF533200C74CF5 /* SongCollectionViewCell.swift */,
				3327EF2C25DF533200C74CF5 /* SongCollectionViewCell.xib */,
			);
			path = SongCell;
			sourceTree = "<group>";
		};
		3327EF3925DF535000C74CF5 /* Objects */ = {
			isa = PBXGroup;
			children = (
				3327EF3A25DF535000C74CF5 /* Track.swift */,
				3327EF3B25DF535000C74CF5 /* Playlist.swift */,
			);
			path = Objects;
			sourceTree = "<group>";
		};
		3327EF3C25DF535000C74CF5 /* API */ = {
			isa = PBXGroup;
			children = (
				3327EF3D25DF535000C74CF5 /* Networking */,
			);
			path = API;
			sourceTree = "<group>";
		};
		3327EF3D25DF535000C74CF5 /* Networking */ = {
			isa = PBXGroup;
			children = (
				3327EF3E25DF535000C74CF5 /* API.Request.swift */,
				3327EF3F25DF535000C74CF5 /* APIKey.swift */,
				3327EF4025DF535000C74CF5 /* API.Manager.swift */,
				3327EF4125DF535000C74CF5 /* API.swift */,
				3327EF4225DF535000C74CF5 /* API.Music.swift */,
			);
			path = Networking;
			sourceTree = "<group>";
		};
		3327EF5325DF6E4F00C74CF5 /* Protocols */ = {
			isa = PBXGroup;
			children = (
				3327EF5425DF6E6000C74CF5 /* Reusable.swift */,
				3327EF5825DF6EB700C74CF5 /* NibLoadable.swift */,
			);
			path = Protocols;
			sourceTree = "<group>";
		};
		3327EF6025DFA84A00C74CF5 /* CoreData  */ = {
			isa = PBXGroup;
			children = (
				331AF11525E8AE8300C19018 /* Playlist */,
				33DE199825E2189500234186 /* Playing */,
				33DE199225E20A3F00234186 /* Favorite */,
				33DE199125E20A3100234186 /* Manager */,
				3327EF6525DFA84A00C74CF5 /* Model.xcdatamodeld */,
			);
			path = "CoreData ";
			sourceTree = "<group>";
		};
		33502DE425CD4B9E00D20B10 = {
			isa = PBXGroup;
			children = (
				3316902425F22159006EB048 /* SunRiseTests */,
				D0387E5B204C938FF2456AD1 /* Frameworks */,
				BF16267355222D36CD77D1E2 /* Pods */,
				33502DEE25CD4B9E00D20B10 /* Products */,
				33502DEF25CD4B9E00D20B10 /* SunRise */,
			);
			sourceTree = "<group>";
		};
		33502DEE25CD4B9E00D20B10 /* Products */ = {
			isa = PBXGroup;
			children = (
				33502DED25CD4B9E00D20B10 /* SunRise.app */,
				3316902325F22159006EB048 /* SunRiseTests.xctest */,
			);
			name = Products;
			sourceTree = "<group>";
		};
		33502DEF25CD4B9E00D20B10 /* SunRise */ = {
			isa = PBXGroup;
			children = (
				3327EF5325DF6E4F00C74CF5 /* Protocols */,
				33BAF02425D0D4E70073B31F /* Resources */,
				335F461425CFEF3F007D1BC8 /* AppDelegates */,
				335F461225CFEF30007D1BC8 /* Controllers */,
				33BAF02025D0D4B80073B31F /* Extensions */,
				33502DFE25CD4BA000D20B10 /* Info.plist */,
				335F461325CFEF39007D1BC8 /* Models */,
			);
			path = SunRise;
			sourceTree = "<group>";
		};
		335F461225CFEF30007D1BC8 /* Controllers */ = {
			isa = PBXGroup;
			children = (
				330C26AC25EC8D8000F3DE79 /* Player */,
				3397BCA725E48C9D00D377FD /* Detail */,
				33C4E6A325E33CA400F2EBEF /* Core */,
				33BAF00D25D0D43F0073B31F /* Base */,
				335F461525CFEF4C007D1BC8 /* Home */,
				33BAF00C25D0D41D0073B31F /* Library */,
				33BAF00B25D0D4030073B31F /* Search */,
			);
			path = Controllers;
			sourceTree = "<group>";
		};
		335F461325CFEF39007D1BC8 /* Models */ = {
			isa = PBXGroup;
			children = (
				3327EF6025DFA84A00C74CF5 /* CoreData  */,
				3327EF3C25DF535000C74CF5 /* API */,
				3327EF3925DF535000C74CF5 /* Objects */,
			);
			path = Models;
			sourceTree = "<group>";
		};
		335F461425CFEF3F007D1BC8 /* AppDelegates */ = {
			isa = PBXGroup;
			children = (
				33502DF025CD4B9E00D20B10 /* AppDelegate.swift */,
				33502DF225CD4B9E00D20B10 /* SceneDelegate.swift */,
			);
			path = AppDelegates;
			sourceTree = "<group>";
		};
		335F461525CFEF4C007D1BC8 /* Home */ = {
			isa = PBXGroup;
			children = (
				3327EF2725DF533200C74CF5 /* GenreCell */,
				33C4E6A925E33CF200F2EBEF /* HomeViewController.swift */,
				33C4E6AA25E33CF200F2EBEF /* HomeViewController.xib */,
				33C4E6A825E33CF200F2EBEF /* HomeViewModel.swift */,
			);
			path = Home;
			sourceTree = "<group>";
		};
		3397BCA725E48C9D00D377FD /* Detail */ = {
			isa = PBXGroup;
			children = (
				330C26B825ECC64E00F3DE79 /* CustomAlert */,
				3397BCAA25E48D3E00D377FD /* DetailViewController.swift */,
				3397BCA825E48D3E00D377FD /* DetailViewController.xib */,
				3397BCA925E48D3E00D377FD /* DetailViewModel.swift */,
			);
			path = Detail;
			sourceTree = "<group>";
		};
		33BAF00B25D0D4030073B31F /* Search */ = {
			isa = PBXGroup;
			children = (
				33203CBF25E8B385003D91B8 /* SearchAddSongsCell */,
				33203CB925E8B385003D91B8 /* SearchHistoryCell */,
				33203CBC25E8B385003D91B8 /* SearchResultCell */,
				33BAF01B25D0D4A60073B31F /* SearchViewController.swift */,
				33203CB625E8B377003D91B8 /* SearchViewModel.swift */,
				33BAF01C25D0D4A60073B31F /* SearchViewController.xib */,
			);
			path = Search;
			sourceTree = "<group>";
		};
		33BAF00C25D0D41D0073B31F /* Library */ = {
			isa = PBXGroup;
			children = (
				33C4E6D525E3A2D200F2EBEF /* LibraryCell */,
				33C4E6D225E3A2D200F2EBEF /* LibraryViewController.swift */,
				33C4E6D425E3A2D200F2EBEF /* LibraryViewController.xib */,
				33C4E6D325E3A2D200F2EBEF /* LibraryViewModel.swift */,
			);
			path = Library;
			sourceTree = "<group>";
		};
		33BAF00D25D0D43F0073B31F /* Base */ = {
			isa = PBXGroup;
			children = (
				33BAF00E25D0D4570073B31F /* BaseView Controller.swift */,
			);
			path = Base;
			sourceTree = "<group>";
		};
		33BAF02025D0D4B80073B31F /* Extensions */ = {
			isa = PBXGroup;
			children = (
				33203CB125E8B357003D91B8 /* Notification+Extension.swift */,
				33203CB225E8B357003D91B8 /* UINavigationController+Extension.swift */,
				3327EF4B25DF538900C74CF5 /* String+Extension.swift */,
				33BAF02125D0D4D10073B31F /* UIColor+Extension.swift */,
				33441F4E25E0AAB700E07F3D /* UIButton+Extension.swift */,
				330C26C525ECE29200F3DE79 /* UIViewController+Extension.swift */,
			);
			path = Extensions;
			sourceTree = "<group>";
		};
		33BAF02425D0D4E70073B31F /* Resources */ = {
			isa = PBXGroup;
			children = (
				33502DF925CD4BA000D20B10 /* Assets.xcassets */,
				33502DFB25CD4BA000D20B10 /* LaunchScreen.storyboard */,
				339500EE25DCCAFB00D67646 /* Colors.xcassets */,
			);
			path = Resources;
			sourceTree = "<group>";
		};
		33C4E6A325E33CA400F2EBEF /* Core */ = {
			isa = PBXGroup;
			children = (
				33C4E6A425E33CBD00F2EBEF /* Player.swift */,
			);
			path = Core;
			sourceTree = "<group>";
		};
		33C4E6D525E3A2D200F2EBEF /* LibraryCell */ = {
			isa = PBXGroup;
			children = (
				33C4E6DF25E3A2D300F2EBEF /* LibraryTableViewCell.swift */,
				33C4E6DE25E3A2D300F2EBEF /* LibraryTableViewCell.xib */,
				33203CA925E8B345003D91B8 /* CreatePlaylist */,
				33C4E6D725E3A2D200F2EBEF /* Favorite */,
				33C4E6D625E3A2D200F2EBEF /* Playlist */,
			);
			path = LibraryCell;
			sourceTree = "<group>";
		};
		33C4E6D625E3A2D200F2EBEF /* Playlist */ = {
			isa = PBXGroup;
			children = (
				33203C9E25E8B334003D91B8 /* PlaylistCell */,
				33203CA125E8B335003D91B8 /* PlaylistViewController.swift */,
				33203C9D25E8B334003D91B8 /* PlaylistViewController.xib */,
				33203CA225E8B335003D91B8 /* PlaylistViewModel.swift */,
			);
			path = Playlist;
			sourceTree = "<group>";
		};
		33C4E6D725E3A2D200F2EBEF /* Favorite */ = {
			isa = PBXGroup;
			children = (
				33C4E6D825E3A2D200F2EBEF /* FavoriteCell */,
				33C4E6DB25E3A2D200F2EBEF /* FavoriteViewController.swift */,
				33C4E6DC25E3A2D200F2EBEF /* FavoriteViewModel.swift */,
				33C4E6DD25E3A2D300F2EBEF /* FavoriteViewController.xib */,
			);
			path = Favorite;
			sourceTree = "<group>";
		};
		33C4E6D825E3A2D200F2EBEF /* FavoriteCell */ = {
			isa = PBXGroup;
			children = (
				33C4E6DA25E3A2D200F2EBEF /* FavoriteTableViewCell.swift */,
				33C4E6D925E3A2D200F2EBEF /* FavoriteTableViewCell.xib */,
			);
			path = FavoriteCell;
			sourceTree = "<group>";
		};
		33DE199125E20A3100234186 /* Manager */ = {
			isa = PBXGroup;
			children = (
				331AF11925E8AE9E00C19018 /* CoreDataManager.Playlist.swift */,
				33C4E6B225E33D5D00F2EBEF /* CoreDataManager.Favorite.swift */,
				33C4E6B325E33D5D00F2EBEF /* CoreDataManager.Playing.swift */,
				33C4E6B125E33D5D00F2EBEF /* CoreDataManager.swift */,
			);
			path = Manager;
			sourceTree = "<group>";
		};
		33DE199225E20A3F00234186 /* Favorite */ = {
			isa = PBXGroup;
			children = (
				33441F8725E10E7A00E07F3D /* FavoriteManagedObject.swift */,
			);
			path = Favorite;
			sourceTree = "<group>";
		};
		33DE199825E2189500234186 /* Playing */ = {
			isa = PBXGroup;
			children = (
				33DE199F25E2190E00234186 /* PlayingMangedObject.swift */,
			);
			path = Playing;
			sourceTree = "<group>";
		};
		BF16267355222D36CD77D1E2 /* Pods */ = {
			isa = PBXGroup;
			children = (
				FA7F07781E930A83D3FC2578 /* Pods-SunRise.debug.xcconfig */,
				0ECF0807192D6AE393792E0B /* Pods-SunRise.release.xcconfig */,
				DE660DB13ABE2094C956089B /* Pods-SunRiseTests.debug.xcconfig */,
				039567CC4CEA2F7F4BA712A5 /* Pods-SunRiseTests.release.xcconfig */,
			);
			path = Pods;
			sourceTree = "<group>";
		};
		D0387E5B204C938FF2456AD1 /* Frameworks */ = {
			isa = PBXGroup;
			children = (
				7B329C8401FB9D246E933E5A /* Pods_SunRise.framework */,
				94E785CB85D126BBA3AAF352 /* Pods_SunRiseTests.framework */,
			);
			name = Frameworks;
			sourceTree = "<group>";
		};
/* End PBXGroup section */

/* Begin PBXNativeTarget section */
		3316902225F22159006EB048 /* SunRiseTests */ = {
			isa = PBXNativeTarget;
			buildConfigurationList = 3316902C25F22159006EB048 /* Build configuration list for PBXNativeTarget "SunRiseTests" */;
			buildPhases = (
				FA6A1CDAEA2DF14F61518D00 /* [CP] Check Pods Manifest.lock */,
				3316901F25F22159006EB048 /* Sources */,
				3316902025F22159006EB048 /* Frameworks */,
				3316902125F22159006EB048 /* Resources */,
				FFC5E50386519E65E30522EE /* [CP] Embed Pods Frameworks */,
			);
			buildRules = (
			);
			dependencies = (
				3316902925F22159006EB048 /* PBXTargetDependency */,
			);
			name = SunRiseTests;
			productName = SunRiseTests;
			productReference = 3316902325F22159006EB048 /* SunRiseTests.xctest */;
			productType = "com.apple.product-type.bundle.unit-test";
		};
		33502DEC25CD4B9E00D20B10 /* SunRise */ = {
			isa = PBXNativeTarget;
			buildConfigurationList = 33502E0125CD4BA000D20B10 /* Build configuration list for PBXNativeTarget "SunRise" */;
			buildPhases = (
				D8826D7B72C91ACA5D5763D0 /* [CP] Check Pods Manifest.lock */,
				33502DE925CD4B9E00D20B10 /* Sources */,
				33502DEA25CD4B9E00D20B10 /* Frameworks */,
				33502DEB25CD4B9E00D20B10 /* Resources */,
			);
			buildRules = (
			);
			dependencies = (
			);
			name = SunRise;
			productName = SunRise;
			productReference = 33502DED25CD4B9E00D20B10 /* SunRise.app */;
			productType = "com.apple.product-type.application";
		};
/* End PBXNativeTarget section */

/* Begin PBXProject section */
		33502DE525CD4B9E00D20B10 /* Project object */ = {
			isa = PBXProject;
			attributes = {
				LastSwiftUpdateCheck = 1240;
				LastUpgradeCheck = 1230;
				TargetAttributes = {
					3316902225F22159006EB048 = {
						CreatedOnToolsVersion = 12.4;
						TestTargetID = 33502DEC25CD4B9E00D20B10;
					};
					33502DEC25CD4B9E00D20B10 = {
						CreatedOnToolsVersion = 12.3;
					};
				};
			};
			buildConfigurationList = 33502DE825CD4B9E00D20B10 /* Build configuration list for PBXProject "SunRise" */;
			compatibilityVersion = "Xcode 9.3";
			developmentRegion = en;
			hasScannedForEncodings = 0;
			knownRegions = (
				en,
				Base,
			);
			mainGroup = 33502DE425CD4B9E00D20B10;
			productRefGroup = 33502DEE25CD4B9E00D20B10 /* Products */;
			projectDirPath = "";
			projectRoot = "";
			targets = (
				33502DEC25CD4B9E00D20B10 /* SunRise */,
				3316902225F22159006EB048 /* SunRiseTests */,
			);
		};
/* End PBXProject section */

/* Begin PBXResourcesBuildPhase section */
		3316902125F22159006EB048 /* Resources */ = {
			isa = PBXResourcesBuildPhase;
			buildActionMask = 2147483647;
			files = (
				3316903025F22271006EB048 /* content.json in Resources */,
			);
			runOnlyForDeploymentPostprocessing = 0;
		};
		33502DEB25CD4B9E00D20B10 /* Resources */ = {
			isa = PBXResourcesBuildPhase;
			buildActionMask = 2147483647;
			files = (
				33C4E6E825E3A2D300F2EBEF /* LibraryTableViewCell.xib in Resources */,
				33502DFD25CD4BA000D20B10 /* LaunchScreen.storyboard in Resources */,
				3327EF3125DF533200C74CF5 /* GenreTableViewCell.xib in Resources */,
				330C26B025EC8D8000F3DE79 /* PlayerViewController.xib in Resources */,
				33203CAF25E8B345003D91B8 /* CreatePlaylistViewController.xib in Resources */,
				33502DFA25CD4BA000D20B10 /* Assets.xcassets in Resources */,
				33203CC425E8B385003D91B8 /* SearchResultTableViewCell.xib in Resources */,
				33203CA325E8B335003D91B8 /* PlaylistViewController.xib in Resources */,
				33203CA525E8B335003D91B8 /* PlaylistTableViewCell.xib in Resources */,
				339500EF25DCCAFB00D67646 /* Colors.xcassets in Resources */,
				33BAF01E25D0D4A60073B31F /* SearchViewController.xib in Resources */,
				33C4E6E325E3A2D300F2EBEF /* FavoriteTableViewCell.xib in Resources */,
				33203CC325E8B385003D91B8 /* SearchHistoryTableViewCell.xib in Resources */,
				330C26BC25ECC6AF00F3DE79 /* AddSongPlaylistViewController.xib in Resources */,
				3316903A25F222B2006EB048 /* content.json in Resources */,
				3397BCAB25E48D3E00D377FD /* DetailViewController.xib in Resources */,
				3327EF3325DF533200C74CF5 /* SongCollectionViewCell.xib in Resources */,
				33203CC725E8B385003D91B8 /* SearchAddSongsTableViewCell.xib in Resources */,
				33C4E6E225E3A2D300F2EBEF /* LibraryViewController.xib in Resources */,
				33C4E6E725E3A2D300F2EBEF /* FavoriteViewController.xib in Resources */,
				33C4E6AD25E33CF200F2EBEF /* HomeViewController.xib in Resources */,
			);
			runOnlyForDeploymentPostprocessing = 0;
		};
/* End PBXResourcesBuildPhase section */

/* Begin PBXShellScriptBuildPhase section */
		D8826D7B72C91ACA5D5763D0 /* [CP] Check Pods Manifest.lock */ = {
			isa = PBXShellScriptBuildPhase;
			buildActionMask = 2147483647;
			files = (
			);
			inputFileListPaths = (
			);
			inputPaths = (
				"${PODS_PODFILE_DIR_PATH}/Podfile.lock",
				"${PODS_ROOT}/Manifest.lock",
			);
			name = "[CP] Check Pods Manifest.lock";
			outputFileListPaths = (
			);
			outputPaths = (
				"$(DERIVED_FILE_DIR)/Pods-SunRise-checkManifestLockResult.txt",
			);
			runOnlyForDeploymentPostprocessing = 0;
			shellPath = /bin/sh;
			shellScript = "diff \"${PODS_PODFILE_DIR_PATH}/Podfile.lock\" \"${PODS_ROOT}/Manifest.lock\" > /dev/null\nif [ $? != 0 ] ; then\n    # print error to STDERR\n    echo \"error: The sandbox is not in sync with the Podfile.lock. Run 'pod install' or update your CocoaPods installation.\" >&2\n    exit 1\nfi\n# This output is used by Xcode 'outputs' to avoid re-running this script phase.\necho \"SUCCESS\" > \"${SCRIPT_OUTPUT_FILE_0}\"\n";
			showEnvVarsInLog = 0;
		};
		FA6A1CDAEA2DF14F61518D00 /* [CP] Check Pods Manifest.lock */ = {
			isa = PBXShellScriptBuildPhase;
			buildActionMask = 2147483647;
			files = (
			);
			inputFileListPaths = (
			);
			inputPaths = (
				"${PODS_PODFILE_DIR_PATH}/Podfile.lock",
				"${PODS_ROOT}/Manifest.lock",
			);
			name = "[CP] Check Pods Manifest.lock";
			outputFileListPaths = (
			);
			outputPaths = (
				"$(DERIVED_FILE_DIR)/Pods-SunRiseTests-checkManifestLockResult.txt",
			);
			runOnlyForDeploymentPostprocessing = 0;
			shellPath = /bin/sh;
			shellScript = "diff \"${PODS_PODFILE_DIR_PATH}/Podfile.lock\" \"${PODS_ROOT}/Manifest.lock\" > /dev/null\nif [ $? != 0 ] ; then\n    # print error to STDERR\n    echo \"error: The sandbox is not in sync with the Podfile.lock. Run 'pod install' or update your CocoaPods installation.\" >&2\n    exit 1\nfi\n# This output is used by Xcode 'outputs' to avoid re-running this script phase.\necho \"SUCCESS\" > \"${SCRIPT_OUTPUT_FILE_0}\"\n";
			showEnvVarsInLog = 0;
		};
		FFC5E50386519E65E30522EE /* [CP] Embed Pods Frameworks */ = {
			isa = PBXShellScriptBuildPhase;
			buildActionMask = 2147483647;
			files = (
			);
			inputFileListPaths = (
				"${PODS_ROOT}/Target Support Files/Pods-SunRiseTests/Pods-SunRiseTests-frameworks-${CONFIGURATION}-input-files.xcfilelist",
			);
			name = "[CP] Embed Pods Frameworks";
			outputFileListPaths = (
				"${PODS_ROOT}/Target Support Files/Pods-SunRiseTests/Pods-SunRiseTests-frameworks-${CONFIGURATION}-output-files.xcfilelist",
			);
			runOnlyForDeploymentPostprocessing = 0;
			shellPath = /bin/sh;
			shellScript = "\"${PODS_ROOT}/Target Support Files/Pods-SunRiseTests/Pods-SunRiseTests-frameworks.sh\"\n";
			showEnvVarsInLog = 0;
		};
/* End PBXShellScriptBuildPhase section */

/* Begin PBXSourcesBuildPhase section */
		3316901F25F22159006EB048 /* Sources */ = {
			isa = PBXSourcesBuildPhase;
			buildActionMask = 2147483647;
			files = (
				3316902625F22159006EB048 /* SunRiseTests.swift in Sources */,
			);
			runOnlyForDeploymentPostprocessing = 0;
		};
		33502DE925CD4B9E00D20B10 /* Sources */ = {
			isa = PBXSourcesBuildPhase;
			buildActionMask = 2147483647;
			files = (
				33BAF02225D0D4D10073B31F /* UIColor+Extension.swift in Sources */,
				3327EF4325DF535000C74CF5 /* Track.swift in Sources */,
				3327EF4525DF535000C74CF5 /* API.Request.swift in Sources */,
				33C4E6AC25E33CF200F2EBEF /* HomeViewController.swift in Sources */,
				33C4E6B525E33D5D00F2EBEF /* CoreDataManager.Favorite.swift in Sources */,
				33BAF01D25D0D4A60073B31F /* SearchViewController.swift in Sources */,
				33203CB725E8B377003D91B8 /* SearchViewModel.swift in Sources */,
				33203CAE25E8B345003D91B8 /* CreatePlaylistViewModel.swift in Sources */,
				33C4E6B625E33D5D00F2EBEF /* CoreDataManager.Playing.swift in Sources */,
				33203CAD25E8B345003D91B8 /* CreatePlaylistViewController.swift in Sources */,
				33BAF00F25D0D4570073B31F /* BaseView Controller.swift in Sources */,
				33502DF125CD4B9E00D20B10 /* AppDelegate.swift in Sources */,
				33203CB325E8B357003D91B8 /* Notification+Extension.swift in Sources */,
				3327EF4625DF535000C74CF5 /* APIKey.swift in Sources */,
				33DE19A125E2190E00234186 /* PlayingMangedObject.swift in Sources */,
				33441F4F25E0AAB700E07F3D /* UIButton+Extension.swift in Sources */,
				331AF11725E8AE8300C19018 /* PlaylistManagedObject.swift in Sources */,
				3327EF4C25DF538900C74CF5 /* String+Extension.swift in Sources */,
				3327EF3225DF533200C74CF5 /* SongCollectionViewCell.swift in Sources */,
				330C26B125EC8D8000F3DE79 /* PlayerViewModel.swift in Sources */,
				33C4E6AB25E33CF200F2EBEF /* HomeViewModel.swift in Sources */,
				3327EF4925DF535000C74CF5 /* API.Music.swift in Sources */,
				33203CA625E8B335003D91B8 /* PlaylistViewController.swift in Sources */,
				330C26C325ECCA5300F3DE79 /* AddSongPlaylistViewModel.swift in Sources */,
				33203CC225E8B385003D91B8 /* SearchHistoryTableViewCell.swift in Sources */,
				330C26BB25ECC6AF00F3DE79 /* AddSongPlaylistViewController.swift in Sources */,
				3327EF5925DF6EB700C74CF5 /* NibLoadable.swift in Sources */,
				33203CC625E8B385003D91B8 /* SearchAddSongsTableViewCell.swift in Sources */,
				3397BCAC25E48D3E00D377FD /* DetailViewModel.swift in Sources */,
				3327EF3025DF533200C74CF5 /* GenreTableViewCell.swift in Sources */,
				33C4E6E025E3A2D300F2EBEF /* LibraryViewController.swift in Sources */,
				33203CA425E8B335003D91B8 /* PlaylistTableViewCell.swift in Sources */,
				33C4E6E425E3A2D300F2EBEF /* FavoriteTableViewCell.swift in Sources */,
				33502DF325CD4B9E00D20B10 /* SceneDelegate.swift in Sources */,
				331AF11A25E8AE9E00C19018 /* CoreDataManager.Playlist.swift in Sources */,
				3327EF4425DF535000C74CF5 /* Playlist.swift in Sources */,
				3327EF5525DF6E6000C74CF5 /* Reusable.swift in Sources */,
				33C4E6E525E3A2D300F2EBEF /* FavoriteViewController.swift in Sources */,
				3327EF4825DF535000C74CF5 /* API.swift in Sources */,
				3327EF6B25DFA84A00C74CF5 /* Model.xcdatamodeld in Sources */,
				3397BCAD25E48D3E00D377FD /* DetailViewController.swift in Sources */,
				330C26B225EC8D8100F3DE79 /* PlayerViewController.swift in Sources */,
				33203CB425E8B357003D91B8 /* UINavigationController+Extension.swift in Sources */,
				33203CA725E8B335003D91B8 /* PlaylistViewModel.swift in Sources */,
				3327EF4725DF535000C74CF5 /* API.Manager.swift in Sources */,
				33C4E6A525E33CBD00F2EBEF /* Player.swift in Sources */,
				33C4E6E125E3A2D300F2EBEF /* LibraryViewModel.swift in Sources */,
				33C4E6E925E3A2D300F2EBEF /* LibraryTableViewCell.swift in Sources */,
				33C4E6B425E33D5D00F2EBEF /* CoreDataManager.swift in Sources */,
				330C26C625ECE29200F3DE79 /* UIViewController+Extension.swift in Sources */,
				33203CC525E8B385003D91B8 /* SearchResultTableViewCell.swift in Sources */,
				33C4E6E625E3A2D300F2EBEF /* FavoriteViewModel.swift in Sources */,
				33441F8925E10E7A00E07F3D /* FavoriteManagedObject.swift in Sources */,
			);
			runOnlyForDeploymentPostprocessing = 0;
		};
/* End PBXSourcesBuildPhase section */

/* Begin PBXTargetDependency section */
		3316902925F22159006EB048 /* PBXTargetDependency */ = {
			isa = PBXTargetDependency;
			target = 33502DEC25CD4B9E00D20B10 /* SunRise */;
			targetProxy = 3316902825F22159006EB048 /* PBXContainerItemProxy */;
		};
/* End PBXTargetDependency section */

/* Begin PBXVariantGroup section */
		33502DFB25CD4BA000D20B10 /* LaunchScreen.storyboard */ = {
			isa = PBXVariantGroup;
			children = (
				33502DFC25CD4BA000D20B10 /* Base */,
			);
			name = LaunchScreen.storyboard;
			sourceTree = "<group>";
		};
/* End PBXVariantGroup section */

/* Begin XCBuildConfiguration section */
		3316902A25F22159006EB048 /* Debug */ = {
			isa = XCBuildConfiguration;
			baseConfigurationReference = DE660DB13ABE2094C956089B /* Pods-SunRiseTests.debug.xcconfig */;
			buildSettings = {
				BUNDLE_LOADER = "$(TEST_HOST)";
				CODE_SIGN_STYLE = Automatic;
				INFOPLIST_FILE = SunRiseTests/Info.plist;
				IPHONEOS_DEPLOYMENT_TARGET = 14.4;
				LD_RUNPATH_SEARCH_PATHS = (
					"$(inherited)",
					"@executable_path/Frameworks",
					"@loader_path/Frameworks",
				);
				PRODUCT_BUNDLE_IDENTIFIER = sun.com.SunRiseTests;
				PRODUCT_NAME = "$(TARGET_NAME)";
				SWIFT_VERSION = 5.0;
				TARGETED_DEVICE_FAMILY = "1,2";
				TEST_HOST = "$(BUILT_PRODUCTS_DIR)/SunRise.app/SunRise";
			};
			name = Debug;
		};
		3316902B25F22159006EB048 /* Release */ = {
			isa = XCBuildConfiguration;
			baseConfigurationReference = 039567CC4CEA2F7F4BA712A5 /* Pods-SunRiseTests.release.xcconfig */;
			buildSettings = {
				BUNDLE_LOADER = "$(TEST_HOST)";
				CODE_SIGN_STYLE = Automatic;
				INFOPLIST_FILE = SunRiseTests/Info.plist;
				IPHONEOS_DEPLOYMENT_TARGET = 14.4;
				LD_RUNPATH_SEARCH_PATHS = (
					"$(inherited)",
					"@executable_path/Frameworks",
					"@loader_path/Frameworks",
				);
				PRODUCT_BUNDLE_IDENTIFIER = sun.com.SunRiseTests;
				PRODUCT_NAME = "$(TARGET_NAME)";
				SWIFT_VERSION = 5.0;
				TARGETED_DEVICE_FAMILY = "1,2";
				TEST_HOST = "$(BUILT_PRODUCTS_DIR)/SunRise.app/SunRise";
			};
			name = Release;
		};
		33502DFF25CD4BA000D20B10 /* Debug */ = {
			isa = XCBuildConfiguration;
			buildSettings = {
				ALWAYS_SEARCH_USER_PATHS = NO;
				CLANG_ANALYZER_NONNULL = YES;
				CLANG_ANALYZER_NUMBER_OBJECT_CONVERSION = YES_AGGRESSIVE;
				CLANG_CXX_LANGUAGE_STANDARD = "gnu++14";
				CLANG_CXX_LIBRARY = "libc++";
				CLANG_ENABLE_MODULES = YES;
				CLANG_ENABLE_OBJC_ARC = YES;
				CLANG_ENABLE_OBJC_WEAK = YES;
				CLANG_WARN_BLOCK_CAPTURE_AUTORELEASING = YES;
				CLANG_WARN_BOOL_CONVERSION = YES;
				CLANG_WARN_COMMA = YES;
				CLANG_WARN_CONSTANT_CONVERSION = YES;
				CLANG_WARN_DEPRECATED_OBJC_IMPLEMENTATIONS = YES;
				CLANG_WARN_DIRECT_OBJC_ISA_USAGE = YES_ERROR;
				CLANG_WARN_DOCUMENTATION_COMMENTS = YES;
				CLANG_WARN_EMPTY_BODY = YES;
				CLANG_WARN_ENUM_CONVERSION = YES;
				CLANG_WARN_INFINITE_RECURSION = YES;
				CLANG_WARN_INT_CONVERSION = YES;
				CLANG_WARN_NON_LITERAL_NULL_CONVERSION = YES;
				CLANG_WARN_OBJC_IMPLICIT_RETAIN_SELF = YES;
				CLANG_WARN_OBJC_LITERAL_CONVERSION = YES;
				CLANG_WARN_OBJC_ROOT_CLASS = YES_ERROR;
				CLANG_WARN_QUOTED_INCLUDE_IN_FRAMEWORK_HEADER = YES;
				CLANG_WARN_RANGE_LOOP_ANALYSIS = YES;
				CLANG_WARN_STRICT_PROTOTYPES = YES;
				CLANG_WARN_SUSPICIOUS_MOVE = YES;
				CLANG_WARN_UNGUARDED_AVAILABILITY = YES_AGGRESSIVE;
				CLANG_WARN_UNREACHABLE_CODE = YES;
				CLANG_WARN__DUPLICATE_METHOD_MATCH = YES;
				COPY_PHASE_STRIP = NO;
				DEBUG_INFORMATION_FORMAT = dwarf;
				ENABLE_STRICT_OBJC_MSGSEND = YES;
				ENABLE_TESTABILITY = YES;
				GCC_C_LANGUAGE_STANDARD = gnu11;
				GCC_DYNAMIC_NO_PIC = NO;
				GCC_NO_COMMON_BLOCKS = YES;
				GCC_OPTIMIZATION_LEVEL = 0;
				GCC_PREPROCESSOR_DEFINITIONS = (
					"DEBUG=1",
					"$(inherited)",
				);
				GCC_WARN_64_TO_32_BIT_CONVERSION = YES;
				GCC_WARN_ABOUT_RETURN_TYPE = YES_ERROR;
				GCC_WARN_UNDECLARED_SELECTOR = YES;
				GCC_WARN_UNINITIALIZED_AUTOS = YES_AGGRESSIVE;
				GCC_WARN_UNUSED_FUNCTION = YES;
				GCC_WARN_UNUSED_VARIABLE = YES;
				IPHONEOS_DEPLOYMENT_TARGET = 14.3;
				MTL_ENABLE_DEBUG_INFO = INCLUDE_SOURCE;
				MTL_FAST_MATH = YES;
				ONLY_ACTIVE_ARCH = YES;
				SDKROOT = iphoneos;
				SWIFT_ACTIVE_COMPILATION_CONDITIONS = DEBUG;
				SWIFT_OPTIMIZATION_LEVEL = "-Onone";
			};
			name = Debug;
		};
		33502E0025CD4BA000D20B10 /* Release */ = {
			isa = XCBuildConfiguration;
			buildSettings = {
				ALWAYS_SEARCH_USER_PATHS = NO;
				CLANG_ANALYZER_NONNULL = YES;
				CLANG_ANALYZER_NUMBER_OBJECT_CONVERSION = YES_AGGRESSIVE;
				CLANG_CXX_LANGUAGE_STANDARD = "gnu++14";
				CLANG_CXX_LIBRARY = "libc++";
				CLANG_ENABLE_MODULES = YES;
				CLANG_ENABLE_OBJC_ARC = YES;
				CLANG_ENABLE_OBJC_WEAK = YES;
				CLANG_WARN_BLOCK_CAPTURE_AUTORELEASING = YES;
				CLANG_WARN_BOOL_CONVERSION = YES;
				CLANG_WARN_COMMA = YES;
				CLANG_WARN_CONSTANT_CONVERSION = YES;
				CLANG_WARN_DEPRECATED_OBJC_IMPLEMENTATIONS = YES;
				CLANG_WARN_DIRECT_OBJC_ISA_USAGE = YES_ERROR;
				CLANG_WARN_DOCUMENTATION_COMMENTS = YES;
				CLANG_WARN_EMPTY_BODY = YES;
				CLANG_WARN_ENUM_CONVERSION = YES;
				CLANG_WARN_INFINITE_RECURSION = YES;
				CLANG_WARN_INT_CONVERSION = YES;
				CLANG_WARN_NON_LITERAL_NULL_CONVERSION = YES;
				CLANG_WARN_OBJC_IMPLICIT_RETAIN_SELF = YES;
				CLANG_WARN_OBJC_LITERAL_CONVERSION = YES;
				CLANG_WARN_OBJC_ROOT_CLASS = YES_ERROR;
				CLANG_WARN_QUOTED_INCLUDE_IN_FRAMEWORK_HEADER = YES;
				CLANG_WARN_RANGE_LOOP_ANALYSIS = YES;
				CLANG_WARN_STRICT_PROTOTYPES = YES;
				CLANG_WARN_SUSPICIOUS_MOVE = YES;
				CLANG_WARN_UNGUARDED_AVAILABILITY = YES_AGGRESSIVE;
				CLANG_WARN_UNREACHABLE_CODE = YES;
				CLANG_WARN__DUPLICATE_METHOD_MATCH = YES;
				COPY_PHASE_STRIP = NO;
				DEBUG_INFORMATION_FORMAT = "dwarf-with-dsym";
				ENABLE_NS_ASSERTIONS = NO;
				ENABLE_STRICT_OBJC_MSGSEND = YES;
				GCC_C_LANGUAGE_STANDARD = gnu11;
				GCC_NO_COMMON_BLOCKS = YES;
				GCC_WARN_64_TO_32_BIT_CONVERSION = YES;
				GCC_WARN_ABOUT_RETURN_TYPE = YES_ERROR;
				GCC_WARN_UNDECLARED_SELECTOR = YES;
				GCC_WARN_UNINITIALIZED_AUTOS = YES_AGGRESSIVE;
				GCC_WARN_UNUSED_FUNCTION = YES;
				GCC_WARN_UNUSED_VARIABLE = YES;
				IPHONEOS_DEPLOYMENT_TARGET = 14.3;
				MTL_ENABLE_DEBUG_INFO = NO;
				MTL_FAST_MATH = YES;
				SDKROOT = iphoneos;
				SWIFT_COMPILATION_MODE = wholemodule;
				SWIFT_OPTIMIZATION_LEVEL = "-O";
				VALIDATE_PRODUCT = YES;
			};
			name = Release;
		};
		33502E0225CD4BA000D20B10 /* Debug */ = {
			isa = XCBuildConfiguration;
			baseConfigurationReference = FA7F07781E930A83D3FC2578 /* Pods-SunRise.debug.xcconfig */;
			buildSettings = {
				ASSETCATALOG_COMPILER_APPICON_NAME = AppIcon;
				ASSETCATALOG_COMPILER_GLOBAL_ACCENT_COLOR_NAME = AccentColor;
				CODE_SIGN_STYLE = Automatic;
				INFOPLIST_FILE = SunRise/Info.plist;
				LD_RUNPATH_SEARCH_PATHS = (
					"$(inherited)",
					"@executable_path/Frameworks",
				);
				PRODUCT_BUNDLE_IDENTIFIER = com.sun.SunRise;
				PRODUCT_NAME = "$(TARGET_NAME)";
				SWIFT_VERSION = 5.0;
				TARGETED_DEVICE_FAMILY = "1,2";
			};
			name = Debug;
		};
		33502E0325CD4BA000D20B10 /* Release */ = {
			isa = XCBuildConfiguration;
			baseConfigurationReference = 0ECF0807192D6AE393792E0B /* Pods-SunRise.release.xcconfig */;
			buildSettings = {
				ASSETCATALOG_COMPILER_APPICON_NAME = AppIcon;
				ASSETCATALOG_COMPILER_GLOBAL_ACCENT_COLOR_NAME = AccentColor;
				CODE_SIGN_STYLE = Automatic;
				INFOPLIST_FILE = SunRise/Info.plist;
				LD_RUNPATH_SEARCH_PATHS = (
					"$(inherited)",
					"@executable_path/Frameworks",
				);
				PRODUCT_BUNDLE_IDENTIFIER = com.sun.SunRise;
				PRODUCT_NAME = "$(TARGET_NAME)";
				SWIFT_VERSION = 5.0;
				TARGETED_DEVICE_FAMILY = "1,2";
			};
			name = Release;
		};
/* End XCBuildConfiguration section */

/* Begin XCConfigurationList section */
		3316902C25F22159006EB048 /* Build configuration list for PBXNativeTarget "SunRiseTests" */ = {
			isa = XCConfigurationList;
			buildConfigurations = (
				3316902A25F22159006EB048 /* Debug */,
				3316902B25F22159006EB048 /* Release */,
			);
			defaultConfigurationIsVisible = 0;
			defaultConfigurationName = Release;
		};
		33502DE825CD4B9E00D20B10 /* Build configuration list for PBXProject "SunRise" */ = {
			isa = XCConfigurationList;
			buildConfigurations = (
				33502DFF25CD4BA000D20B10 /* Debug */,
				33502E0025CD4BA000D20B10 /* Release */,
			);
			defaultConfigurationIsVisible = 0;
			defaultConfigurationName = Release;
		};
		33502E0125CD4BA000D20B10 /* Build configuration list for PBXNativeTarget "SunRise" */ = {
			isa = XCConfigurationList;
			buildConfigurations = (
				33502E0225CD4BA000D20B10 /* Debug */,
				33502E0325CD4BA000D20B10 /* Release */,
			);
			defaultConfigurationIsVisible = 0;
			defaultConfigurationName = Release;
		};
/* End XCConfigurationList section */

/* Begin XCVersionGroup section */
		3327EF6525DFA84A00C74CF5 /* Model.xcdatamodeld */ = {
			isa = XCVersionGroup;
			children = (
				3327EF6625DFA84A00C74CF5 /* Model.xcdatamodel */,
			);
			currentVersion = 3327EF6625DFA84A00C74CF5 /* Model.xcdatamodel */;
			path = Model.xcdatamodeld;
			sourceTree = "<group>";
			versionGroupType = wrapper.xcdatamodel;
		};
/* End XCVersionGroup section */
	};
	rootObject = 33502DE525CD4B9E00D20B10 /* Project object */;
}
